
Microsoft Visual Studio Solution File, Format Version 12.00
# Visual Studio Version 17
VisualStudioVersion = 17.5.33516.290
MinimumVisualStudioVersion = 10.0.40219.1
Project("{9A19103F-16F7-4668-BE54-9A1E7A4F7556}") = "ApiWebFood", "ApiWebFood.csproj", "{8D7169C0-5F39-48E7-9F1A-EC80BD81F261}"
EndProject
Global
	GlobalSection(SolutionConfigurationPlatforms) = preSolution
		Debug|Any CPU = Debug|Any CPU
		Release|Any CPU = Release|Any CPU
	EndGlobalSection
	GlobalSection(ProjectConfigurationPlatforms) = postSolution
		{8D7169C0-5F39-48E7-9F1A-EC80BD81F261}.Debug|Any CPU.ActiveCfg = Debug|Any CPU
		{8D7169C0-5F39-48E7-9F1A-EC80BD81F261}.Debug|Any CPU.Build.0 = Debug|Any CPU
		{8D7169C0-5F39-48E7-9F1A-EC80BD81F261}.Release|Any CPU.ActiveCfg = Release|Any CPU
		{8D7169C0-5F39-48E7-9F1A-EC80BD81F261}.Release|Any CPU.Build.0 = Release|Any CPU
	EndGlobalSection
	GlobalSection(SolutionProperties) = preSolution
		HideSolutionNode = FALSE
	EndGlobalSection
	GlobalSection(ExtensibilityGlobals) = postSolution
		SolutionGuid = {E4AB9DB6-F33A-483B-8C5B-2ED7D82E1710}
	EndGlobalSection
EndGlobal
